<?xml version="1.0" encoding="UTF-8" standalone="yes" ?>
<CodeBlocks_project_file>
	<FileVersion major="1" minor="6" />
	<Project>
		<Option title="terrainViewer_GPU" />
		<Option pch_mode="2" />
		<Option compiler="nvcc_compiler" />
		<Build>
			<Target title="Debug">
				<Option output="bin/Debug/terrainViewer_GPU" prefix_auto="1" extension_auto="1" />
				<Option object_output="obj/Debug/" />
				<Option type="1" />
				<Option compiler="nvcc_compiler" />
				<Compiler>
					<Add option="-g" />
					<Add directory="/usr/include/qt4" />
				</Compiler>
				<Linker>
					<Add option="-lcublas" />
					<Add library="/home/flora/NVIDIA_GPU_Computing_SDK/C/lib/libcutil_i386.a" />
					<Add library="/home/flora/NVIDIA_GPU_Computing_SDK/C/common/lib/linux/libcudpp_i386.a" />
					<Add library="/usr/local/cuda/lib/libcusparse.so" />
					<Add directory="/usr/lib" />
				</Linker>
			</Target>
			<Target title="Release">
				<Option output="bin/Release/terrainViewer_GPU" prefix_auto="1" extension_auto="1" />
				<Option object_output="obj/Release/" />
				<Option type="1" />
				<Option compiler="nvcc_compiler" />
				<Compiler>
					<Add option="-O2" />
					<Add directory="/usr/include/qt4" />
				</Compiler>
				<Linker>
					<Add option="-lcublas" />
					<Add option="-lQtXml -lQtOpenGL -lQtGui -lQtCore -lGLU -lGL -lpthread" />
					<Add library="/home/flora/NVIDIA_GPU_Computing_SDK/C/lib/libcutil_i386.a" />
					<Add library="/home/flora/NVIDIA_GPU_Computing_SDK/C/common/lib/linux/libcudpp_i386.a" />
					<Add library="/usr/local/cuda/lib/libcusparse.so" />
					<Add directory="/usr/lib" />
				</Linker>
			</Target>
			<Target title="Library">
				<Option output="terrainViewer" prefix_auto="1" extension_auto="1" />
				<Option type="3" />
				<Option compiler="nvcc_compiler" />
				<Option createDefFile="1" />
				<Option createStaticLib="1" />
				<Compiler>
					<Add option="-O3" />
				</Compiler>
				<Linker>
					<Add option="-lcublas" />
					<Add library="/home/flora/NVIDIA_GPU_Computing_SDK/C/lib/libcutil_i386.a" />
					<Add library="/home/flora/NVIDIA_GPU_Computing_SDK/C/common/lib/linux/libcudpp_i386.a" />
					<Add library="/usr/local/cuda/lib/libcusparse.so" />
				</Linker>
			</Target>
		</Build>
		<Compiler>
			<Add option="-Wall" />
			<Add option="-g" />
		</Compiler>
		<Linker>
			<Add option="-lgpuqsort" />
		</Linker>
		<Unit filename="dialog_box.h">
			<Option target="Release" />
			<Option target="Library" />
		</Unit>
		<Unit filename="dtts_2dmorph.cpp" />
		<Unit filename="dtts_2dmorph.h" />
		<Unit filename="dtts_graphcut.h" />
		<Unit filename="dtts_image.cu">
			<Option compile="1" />
			<Option link="1" />
		</Unit>
		<Unit filename="dtts_image.h" />
		<Unit filename="dtts_main .cpp" />
		<Unit filename="dtts_match.cu">
			<Option compile="1" />
			<Option link="1" />
		</Unit>
		<Unit filename="dtts_match.h" />
		<Unit filename="dtts_merging.cu">
			<Option compile="1" />
			<Option link="1" />
		</Unit>
		<Unit filename="dtts_merging.h" />
		<Unit filename="dtts_patchsynthesis.cu">
			<Option compile="1" />
			<Option link="1" />
		</Unit>
		<Unit filename="dtts_patchsynthesis.h" />
		<Unit filename="dtts_poisson.h" />
		<Unit filename="dtts_ppa.cpp" />
		<Unit filename="dtts_ppa.h" />
		<Unit filename="dtts_wavelet.cpp" />
		<Unit filename="dtts_wavelet.h" />
		<Unit filename="external/SpeedIT_Classic/si_classic.cu">
			<Option compile="1" />
			<Option link="1" />
		</Unit>
		<Unit filename="external/SpeedIT_Classic/si_classic.h" />
		<Unit filename="external/SpeedIT_Classic/si_classic_seq.cpp" />
		<Unit filename="external/ludecomposition.h" />
		<Unit filename="external/maxflow/block.h" />
		<Unit filename="external/maxflow/graph.cpp" />
		<Unit filename="external/maxflow/graph.h" />
		<Unit filename="external/maxflow/maxflow.cpp" />
		<Unit filename="external/noise/noise.cpp" />
		<Unit filename="external/noise/noise.h" />
		<Unit filename="headers.h" />
		<Extensions>
			<code_completion />
			<envvars />
			<lib_finder disable_auto="1" />
			<debugger />
		</Extensions>
	</Project>
</CodeBlocks_project_file>
